
Microsoft Visual Studio Solution File, Format Version 12.00
# Visual Studio Version 17
VisualStudioVersion = 17.4.33122.133
MinimumVisualStudioVersion = 10.0.40219.1
Project("{FAE04EC0-301F-11D3-BF4B-00C04F79EFBC}") = "Composite", "Composite\Composite.csproj", "{A9F19F4A-2FBD-4B2B-BCCA-2103B9648668}"
EndProject
Global
	GlobalSection(SolutionConfigurationPlatforms) = preSolution
		Debug|Any CPU = Debug|Any CPU
		Release|Any CPU = Release|Any CPU
	EndGlobalSection
	GlobalSection(ProjectConfigurationPlatforms) = postSolution
		{A9F19F4A-2FBD-4B2B-BCCA-2103B9648668}.Debug|Any CPU.ActiveCfg = Debug|Any CPU
		{A9F19F4A-2FBD-4B2B-BCCA-2103B9648668}.Debug|Any CPU.Build.0 = Debug|Any CPU
		{A9F19F4A-2FBD-4B2B-BCCA-2103B9648668}.Release|Any CPU.ActiveCfg = Release|Any CPU
		{A9F19F4A-2FBD-4B2B-BCCA-2103B9648668}.Release|Any CPU.Build.0 = Release|Any CPU
	EndGlobalSection
	GlobalSection(SolutionProperties) = preSolution
		HideSolutionNode = FALSE
	EndGlobalSection
	GlobalSection(ExtensibilityGlobals) = postSolution
		SolutionGuid = {7AE74A79-2705-43AC-B4E0-FB1DB389420D}
	EndGlobalSection
EndGlobal
