
Microsoft Visual Studio Solution File, Format Version 12.00
# Visual Studio Version 17
VisualStudioVersion = 17.4.33122.133
MinimumVisualStudioVersion = 10.0.40219.1
Project("{FAE04EC0-301F-11D3-BF4B-00C04F79EFBC}") = "Adapter", "Adapter\Adapter.csproj", "{A6E8C9BA-7D78-486F-8890-2EC3712050E2}"
EndProject
Global
	GlobalSection(SolutionConfigurationPlatforms) = preSolution
		Debug|Any CPU = Debug|Any CPU
		Release|Any CPU = Release|Any CPU
	EndGlobalSection
	GlobalSection(ProjectConfigurationPlatforms) = postSolution
		{A6E8C9BA-7D78-486F-8890-2EC3712050E2}.Debug|Any CPU.ActiveCfg = Debug|Any CPU
		{A6E8C9BA-7D78-486F-8890-2EC3712050E2}.Debug|Any CPU.Build.0 = Debug|Any CPU
		{A6E8C9BA-7D78-486F-8890-2EC3712050E2}.Release|Any CPU.ActiveCfg = Release|Any CPU
		{A6E8C9BA-7D78-486F-8890-2EC3712050E2}.Release|Any CPU.Build.0 = Release|Any CPU
	EndGlobalSection
	GlobalSection(SolutionProperties) = preSolution
		HideSolutionNode = FALSE
	EndGlobalSection
	GlobalSection(ExtensibilityGlobals) = postSolution
		SolutionGuid = {4CAC926D-32C5-4AD7-8C18-C64E0042B444}
	EndGlobalSection
EndGlobal
