
Microsoft Visual Studio Solution File, Format Version 12.00
# Visual Studio Version 17
VisualStudioVersion = 17.4.33122.133
MinimumVisualStudioVersion = 10.0.40219.1
Project("{FAE04EC0-301F-11D3-BF4B-00C04F79EFBC}") = "Prototype", "Prototype\Prototype.csproj", "{EB25C21F-55B0-42EC-AB0D-08B41A2486BC}"
EndProject
Global
	GlobalSection(SolutionConfigurationPlatforms) = preSolution
		Debug|Any CPU = Debug|Any CPU
		Release|Any CPU = Release|Any CPU
	EndGlobalSection
	GlobalSection(ProjectConfigurationPlatforms) = postSolution
		{EB25C21F-55B0-42EC-AB0D-08B41A2486BC}.Debug|Any CPU.ActiveCfg = Debug|Any CPU
		{EB25C21F-55B0-42EC-AB0D-08B41A2486BC}.Debug|Any CPU.Build.0 = Debug|Any CPU
		{EB25C21F-55B0-42EC-AB0D-08B41A2486BC}.Release|Any CPU.ActiveCfg = Release|Any CPU
		{EB25C21F-55B0-42EC-AB0D-08B41A2486BC}.Release|Any CPU.Build.0 = Release|Any CPU
	EndGlobalSection
	GlobalSection(SolutionProperties) = preSolution
		HideSolutionNode = FALSE
	EndGlobalSection
	GlobalSection(ExtensibilityGlobals) = postSolution
		SolutionGuid = {1856E405-CFC5-40B4-9FFB-694E3D92BE7C}
	EndGlobalSection
EndGlobal
